<?xml version="1.0" encoding="utf-8"?>
<Project ToolsVersion="4.0" xmlns="http://schemas.microsoft.com/developer/msbuild/2003">
  <ItemGroup>
    <Filter Include="include">
      <UniqueIdentifier>{6340a0be-332a-482b-93cd-962a8fd57f64}</UniqueIdentifier>
    </Filter>
    <Filter Include="src">
      <UniqueIdentifier>{c04ebc11-5680-4591-a5d8-fb99daac60c2}</UniqueIdentifier>
    </Filter>
  </ItemGroup>
  <ItemGroup>
    <ClInclude Include="..\include\Engine.h">
      <Filter>include</Filter>
    </ClInclude>
    <ClInclude Include="..\include\GameObject.h">
      <Filter>include</Filter>
    </ClInclude>
    <ClInclude Include="..\include\HardwareInfo.h">
      <Filter>include</Filter>
    </ClInclude>
    <ClInclude Include="..\include\Level1.h">
      <Filter>include</Filter>
    </ClInclude>
    <ClInclude Include="..\include\Scene.h">
      <Filter>include</Filter>
    </ClInclude>
    <ClInclude Include="..\include\sdf.h">
      <Filter>include</Filter>
    </ClInclude>
    <ClInclude Include="..\include\types.h">
      <Filter>include</Filter>
    </ClInclude>
    <ClInclude Include="..\include\Window.h">
      <Filter>include</Filter>
    </ClInclude>
    <ClInclude Include="..\include\Window2.h">
      <Filter>include</Filter>
    </ClInclude>
  </ItemGroup>
  <ItemGroup>
    <ClCompile Include="..\src\Engine.cpp">
      <Filter>src</Filter>
    </ClCompile>
    <ClCompile Include="..\src\GameObject.cpp">
      <Filter>src</Filter>
    </ClCompile>
    <ClCompile Include="..\src\HardwareInfo.cpp">
      <Filter>src</Filter>
    </ClCompile>
    <ClCompile Include="..\src\Level1.cpp">
      <Filter>src</Filter>
    </ClCompile>
    <ClCompile Include="..\src\Window.cpp">
      <Filter>src</Filter>
    </ClCompile>
    <ClCompile Include="..\src\Window2.cpp">
      <Filter>src</Filter>
    </ClCompile>
    <ClCompile Include="..\main.cpp" />
  </ItemGroup>
</Project>